lockfileVersion: '9.0'

settings:
  autoInstallPeers: true
  excludeLinksFromLockfile: false

importers:

  .:
    dependencies:
      react:
        specifier: '>=18'
        version: 19.2.7

packages:

  react@19.2.7:
    resolution: {integrity: sha512-HNe9WslTbXmFK8o8cmwgAeJFSBvt1bPdHCVKtaaV+WlAN36mpT4hcRpwbf3fY56ar2oIXzsBpOAiIRHAdY0OlQ==}
    engines: {node: '>=0.10.0'}

snapshots:

  react@19.2.7: {}
